
Microsoft Visual Studio Solution File, Format Version 12.00
# Visual Studio Version 17
VisualStudioVersion = 17.2.32526.322
MinimumVisualStudioVersion = 10.0.40219.1
Project("{FAE04EC0-301F-11D3-BF4B-00C04F79EFBC}") = "CityInfo.API", "CityInfo.API\CityInfo.API.csproj", "{BE9A43DF-2092-4866-921A-C1C1F2D12242}"
EndProject
Global
	GlobalSection(SolutionConfigurationPlatforms) = preSolution
		Debug|Any CPU = Debug|Any CPU
		Release|Any CPU = Release|Any CPU
	EndGlobalSection
	GlobalSection(ProjectConfigurationPlatforms) = postSolution
		{BE9A43DF-2092-4866-921A-C1C1F2D12242}.Debug|Any CPU.ActiveCfg = Debug|Any CPU
		{BE9A43DF-2092-4866-921A-C1C1F2D12242}.Debug|Any CPU.Build.0 = Debug|Any CPU
		{BE9A43DF-2092-4866-921A-C1C1F2D12242}.Release|Any CPU.ActiveCfg = Release|Any CPU
		{BE9A43DF-2092-4866-921A-C1C1F2D12242}.Release|Any CPU.Build.0 = Release|Any CPU
	EndGlobalSection
	GlobalSection(SolutionProperties) = preSolution
		HideSolutionNode = FALSE
	EndGlobalSection
	GlobalSection(ExtensibilityGlobals) = postSolution
		SolutionGuid = {F665C442-F95B-4509-BB81-D5DD5DC27D3A}
	EndGlobalSection
EndGlobal
